// !$*UTF8*$!
{
	archiveVersion = 1;
	classes = {
	};
	objectVersion = 56;
	objects = {

/* Begin PBXBuildFile section */
		1678B7E2295AD5D700A44427 /* PaymentCompleteView.swift in Sources */ = {isa = PBXBuildFile; fileRef = 1678B7E1295AD5D700A44427 /* PaymentCompleteView.swift */; };
		1678B7E8295BE66B00A44427 /* Assets.xcassets in Resources */ = {isa = PBXBuildFile; fileRef = 1678B7E7295BE66B00A44427 /* Assets.xcassets */; };
		1678B7EB295BE67D00A44427 /* Bank.swift in Sources */ = {isa = PBXBuildFile; fileRef = 1678B7EA295BE67D00A44427 /* Bank.swift */; };
		63328217295AB9C200265898 /* PaymentApp.swift in Sources */ = {isa = PBXBuildFile; fileRef = 63328216295AB9C200265898 /* PaymentApp.swift */; };
		63328219295AB9C200265898 /* ContentView.swift in Sources */ = {isa = PBXBuildFile; fileRef = 63328218295AB9C200265898 /* ContentView.swift */; };
		6332821E295AB9C300265898 /* Preview Assets.xcassets in Resources */ = {isa = PBXBuildFile; fileRef = 6332821D295AB9C300265898 /* Preview Assets.xcassets */; };
		63328225295ABAF200265898 /* ReadyToPayView.swift in Sources */ = {isa = PBXBuildFile; fileRef = 63328224295ABAF200265898 /* ReadyToPayView.swift */; };
		63328227295ABBDE00265898 /* PaymentView.swift in Sources */ = {isa = PBXBuildFile; fileRef = 63328226295ABBDE00265898 /* PaymentView.swift */; };
		63793ED8295BCC7C005F0802 /* ToSView.swift in Sources */ = {isa = PBXBuildFile; fileRef = 63793ED7295BCC7C005F0802 /* ToSView.swift */; };
		63793EDA295BCCAD005F0802 /* CashRecieptView.swift in Sources */ = {isa = PBXBuildFile; fileRef = 63793ED9295BCCAD005F0802 /* CashRecieptView.swift */; };
/* End PBXBuildFile section */

/* Begin PBXFileReference section */
		1678B7E1295AD5D700A44427 /* PaymentCompleteView.swift */ = {isa = PBXFileReference; lastKnownFileType = sourcecode.swift; path = PaymentCompleteView.swift; sourceTree = "<group>"; };
		1678B7E7295BE66B00A44427 /* Assets.xcassets */ = {isa = PBXFileReference; lastKnownFileType = folder.assetcatalog; path = Assets.xcassets; sourceTree = "<group>"; };
		1678B7EA295BE67D00A44427 /* Bank.swift */ = {isa = PBXFileReference; fileEncoding = 4; lastKnownFileType = sourcecode.swift; path = Bank.swift; sourceTree = "<group>"; };
		63328213295AB9C200265898 /* Payment.app */ = {isa = PBXFileReference; explicitFileType = wrapper.application; includeInIndex = 0; name = Payment.app; path = "/Users/yst/likelion/git/big-project-a-taskforce-swift/Payment/build/Debug-iphoneos/Payment.app"; sourceTree = "<absolute>"; };
		63328216295AB9C200265898 /* PaymentApp.swift */ = {isa = PBXFileReference; lastKnownFileType = sourcecode.swift; path = PaymentApp.swift; sourceTree = "<group>"; };
		63328218295AB9C200265898 /* ContentView.swift */ = {isa = PBXFileReference; lastKnownFileType = sourcecode.swift; path = ContentView.swift; sourceTree = "<group>"; };
		6332821D295AB9C300265898 /* Preview Assets.xcassets */ = {isa = PBXFileReference; lastKnownFileType = folder.assetcatalog; path = "Preview Assets.xcassets"; sourceTree = "<group>"; };
		63328224295ABAF200265898 /* ReadyToPayView.swift */ = {isa = PBXFileReference; lastKnownFileType = sourcecode.swift; path = ReadyToPayView.swift; sourceTree = "<group>"; };
		63328226295ABBDE00265898 /* PaymentView.swift */ = {isa = PBXFileReference; lastKnownFileType = sourcecode.swift; path = PaymentView.swift; sourceTree = "<group>"; };
		63793ED7295BCC7C005F0802 /* ToSView.swift */ = {isa = PBXFileReference; lastKnownFileType = sourcecode.swift; path = ToSView.swift; sourceTree = "<group>"; };
		63793ED9295BCCAD005F0802 /* CashRecieptView.swift */ = {isa = PBXFileReference; lastKnownFileType = sourcecode.swift; path = CashRecieptView.swift; sourceTree = "<group>"; };
/* End PBXFileReference section */

/* Begin PBXFrameworksBuildPhase section */
		63328210295AB9C200265898 /* Frameworks */ = {
			isa = PBXFrameworksBuildPhase;
			buildActionMask = 2147483647;
			files = (
			);
			runOnlyForDeploymentPostprocessing = 0;
		};
/* End PBXFrameworksBuildPhase section */

/* Begin PBXGroup section */
		1678B7E9295BE67D00A44427 /* Model */ = {
			isa = PBXGroup;
			children = (
				1678B7EA295BE67D00A44427 /* Bank.swift */,
			);
			path = Model;
			sourceTree = "<group>";
		};
		6332820A295AB9C200265898 = {
			isa = PBXGroup;
			children = (
				63328215295AB9C200265898 /* Payment */,
			);
			sourceTree = "<group>";
		};
		63328215295AB9C200265898 /* Payment */ = {
			isa = PBXGroup;
			children = (
				1678B7E9295BE67D00A44427 /* Model */,
				1678B7E7295BE66B00A44427 /* Assets.xcassets */,
				63328216295AB9C200265898 /* PaymentApp.swift */,
				6332822C295ABC0900265898 /* Views */,
				6332821C295AB9C300265898 /* Preview Content */,
			);
			path = Payment;
			sourceTree = "<group>";
		};
		6332821C295AB9C300265898 /* Preview Content */ = {
			isa = PBXGroup;
			children = (
				6332821D295AB9C300265898 /* Preview Assets.xcassets */,
			);
			path = "Preview Content";
			sourceTree = "<group>";
		};
		6332822C295ABC0900265898 /* Views */ = {
			isa = PBXGroup;
			children = (
				63328218295AB9C200265898 /* ContentView.swift */,
				1678B7E1295AD5D700A44427 /* PaymentCompleteView.swift */,
				63328224295ABAF200265898 /* ReadyToPayView.swift */,
				63328226295ABBDE00265898 /* PaymentView.swift */,
				63793ED7295BCC7C005F0802 /* ToSView.swift */,
				63793ED9295BCCAD005F0802 /* CashRecieptView.swift */,
			);
			path = Views;
			sourceTree = "<group>";
		};
/* End PBXGroup section */

/* Begin PBXNativeTarget section */
		63328212295AB9C200265898 /* Payment */ = {
			isa = PBXNativeTarget;
			buildConfigurationList = 63328221295AB9C300265898 /* Build configuration list for PBXNativeTarget "Payment" */;
			buildPhases = (
				6332820F295AB9C200265898 /* Sources */,
				63328210295AB9C200265898 /* Frameworks */,
				63328211295AB9C200265898 /* Resources */,
			);
			buildRules = (
			);
			dependencies = (
			);
			name = Payment;
			productName = Payment;
			productReference = 63328213295AB9C200265898 /* Payment.app */;
			productType = "com.apple.product-type.application";
		};
/* End PBXNativeTarget section */

/* Begin PBXProject section */
		6332820B295AB9C200265898 /* Project object */ = {
			isa = PBXProject;
			attributes = {
				BuildIndependentTargetsInParallel = 1;
				LastSwiftUpdateCheck = 1420;
				LastUpgradeCheck = 1420;
				TargetAttributes = {
					63328212295AB9C200265898 = {
						CreatedOnToolsVersion = 14.2;
					};
				};
			};
			buildConfigurationList = 6332820E295AB9C200265898 /* Build configuration list for PBXProject "Payment" */;
			compatibilityVersion = "Xcode 14.0";
			developmentRegion = en;
			hasScannedForEncodings = 0;
			knownRegions = (
				en,
				Base,
			);
			mainGroup = 6332820A295AB9C200265898;
			productRefGroup = 6332820A295AB9C200265898;
			projectDirPath = "";
			projectRoot = "";
			targets = (
				63328212295AB9C200265898 /* Payment */,
			);
		};
/* End PBXProject section */

/* Begin PBXResourcesBuildPhase section */
		63328211295AB9C200265898 /* Resources */ = {
			isa = PBXResourcesBuildPhase;
			buildActionMask = 2147483647;
			files = (
				1678B7E8295BE66B00A44427 /* Assets.xcassets in Resources */,
				6332821E295AB9C300265898 /* Preview Assets.xcassets in Resources */,
			);
			runOnlyForDeploymentPostprocessing = 0;
		};
/* End PBXResourcesBuildPhase section */

/* Begin PBXSourcesBuildPhase section */
		6332820F295AB9C200265898 /* Sources */ = {
			isa = PBXSourcesBuildPhase;
			buildActionMask = 2147483647;
			files = (
				63328219295AB9C200265898 /* ContentView.swift in Sources */,
				63328217295AB9C200265898 /* PaymentApp.swift in Sources */,
				1678B7E2295AD5D700A44427 /* PaymentCompleteView.swift in Sources */,
				63328227295ABBDE00265898 /* PaymentView.swift in Sources */,
				63328225295ABAF200265898 /* ReadyToPayView.swift in Sources */,
				63328217295AB9C200265898 /* PaymentApp.swift in Sources */,
				1678B7EB295BE67D00A44427 /* Bank.swift in Sources */,
				63793EDA295BCCAD005F0802 /* CashRecieptView.swift in Sources */,
				63793ED8295BCC7C005F0802 /* ToSView.swift in Sources */,
			);
			runOnlyForDeploymentPostprocessing = 0;
		};
/* End PBXSourcesBuildPhase section */

/* Begin XCBuildConfiguration section */
		6332821F295AB9C300265898 /* Debug */ = {
			isa = XCBuildConfiguration;
			buildSettings = {
				ALWAYS_SEARCH_USER_PATHS = NO;
				CLANG_ANALYZER_NONNULL = YES;
				CLANG_ANALYZER_NUMBER_OBJECT_CONVERSION = YES_AGGRESSIVE;
				CLANG_CXX_LANGUAGE_STANDARD = "gnu++20";
				CLANG_ENABLE_MODULES = YES;
				CLANG_ENABLE_OBJC_ARC = YES;
				CLANG_ENABLE_OBJC_WEAK = YES;
				CLANG_WARN_BLOCK_CAPTURE_AUTORELEASING = YES;
				CLANG_WARN_BOOL_CONVERSION = YES;
				CLANG_WARN_COMMA = YES;
				CLANG_WARN_CONSTANT_CONVERSION = YES;
				CLANG_WARN_DEPRECATED_OBJC_IMPLEMENTATIONS = YES;
				CLANG_WARN_DIRECT_OBJC_ISA_USAGE = YES_ERROR;
				CLANG_WARN_DOCUMENTATION_COMMENTS = YES;
				CLANG_WARN_EMPTY_BODY = YES;
				CLANG_WARN_ENUM_CONVERSION = YES;
				CLANG_WARN_INFINITE_RECURSION = YES;
				CLANG_WARN_INT_CONVERSION = YES;
				CLANG_WARN_NON_LITERAL_NULL_CONVERSION = YES;
				CLANG_WARN_OBJC_IMPLICIT_RETAIN_SELF = YES;
				CLANG_WARN_OBJC_LITERAL_CONVERSION = YES;
				CLANG_WARN_OBJC_ROOT_CLASS = YES_ERROR;
				CLANG_WARN_QUOTED_INCLUDE_IN_FRAMEWORK_HEADER = YES;
				CLANG_WARN_RANGE_LOOP_ANALYSIS = YES;
				CLANG_WARN_STRICT_PROTOTYPES = YES;
				CLANG_WARN_SUSPICIOUS_MOVE = YES;
				CLANG_WARN_UNGUARDED_AVAILABILITY = YES_AGGRESSIVE;
				CLANG_WARN_UNREACHABLE_CODE = YES;
				CLANG_WARN__DUPLICATE_METHOD_MATCH = YES;
				COPY_PHASE_STRIP = NO;
				DEBUG_INFORMATION_FORMAT = dwarf;
				ENABLE_STRICT_OBJC_MSGSEND = YES;
				ENABLE_TESTABILITY = YES;
				GCC_C_LANGUAGE_STANDARD = gnu11;
				GCC_DYNAMIC_NO_PIC = NO;
				GCC_NO_COMMON_BLOCKS = YES;
				GCC_OPTIMIZATION_LEVEL = 0;
				GCC_PREPROCESSOR_DEFINITIONS = (
					"DEBUG=1",
					"$(inherited)",
				);
				GCC_WARN_64_TO_32_BIT_CONVERSION = YES;
				GCC_WARN_ABOUT_RETURN_TYPE = YES_ERROR;
				GCC_WARN_UNDECLARED_SELECTOR = YES;
				GCC_WARN_UNINITIALIZED_AUTOS = YES_AGGRESSIVE;
				GCC_WARN_UNUSED_FUNCTION = YES;
				GCC_WARN_UNUSED_VARIABLE = YES;
				IPHONEOS_DEPLOYMENT_TARGET = 16.2;
				MTL_ENABLE_DEBUG_INFO = INCLUDE_SOURCE;
				MTL_FAST_MATH = YES;
				ONLY_ACTIVE_ARCH = YES;
				SDKROOT = iphoneos;
				SWIFT_ACTIVE_COMPILATION_CONDITIONS = DEBUG;
				SWIFT_OPTIMIZATION_LEVEL = "-Onone";
			};
			name = Debug;
		};
		63328220295AB9C300265898 /* Release */ = {
			isa = XCBuildConfiguration;
			buildSettings = {
				ALWAYS_SEARCH_USER_PATHS = NO;
				CLANG_ANALYZER_NONNULL = YES;
				CLANG_ANALYZER_NUMBER_OBJECT_CONVERSION = YES_AGGRESSIVE;
				CLANG_CXX_LANGUAGE_STANDARD = "gnu++20";
				CLANG_ENABLE_MODULES = YES;
				CLANG_ENABLE_OBJC_ARC = YES;
				CLANG_ENABLE_OBJC_WEAK = YES;
				CLANG_WARN_BLOCK_CAPTURE_AUTORELEASING = YES;
				CLANG_WARN_BOOL_CONVERSION = YES;
				CLANG_WARN_COMMA = YES;
				CLANG_WARN_CONSTANT_CONVERSION = YES;
				CLANG_WARN_DEPRECATED_OBJC_IMPLEMENTATIONS = YES;
				CLANG_WARN_DIRECT_OBJC_ISA_USAGE = YES_ERROR;
				CLANG_WARN_DOCUMENTATION_COMMENTS = YES;
				CLANG_WARN_EMPTY_BODY = YES;
				CLANG_WARN_ENUM_CONVERSION = YES;
				CLANG_WARN_INFINITE_RECURSION = YES;
				CLANG_WARN_INT_CONVERSION = YES;
				CLANG_WARN_NON_LITERAL_NULL_CONVERSION = YES;
				CLANG_WARN_OBJC_IMPLICIT_RETAIN_SELF = YES;
				CLANG_WARN_OBJC_LITERAL_CONVERSION = YES;
				CLANG_WARN_OBJC_ROOT_CLASS = YES_ERROR;
				CLANG_WARN_QUOTED_INCLUDE_IN_FRAMEWORK_HEADER = YES;
				CLANG_WARN_RANGE_LOOP_ANALYSIS = YES;
				CLANG_WARN_STRICT_PROTOTYPES = YES;
				CLANG_WARN_SUSPICIOUS_MOVE = YES;
				CLANG_WARN_UNGUARDED_AVAILABILITY = YES_AGGRESSIVE;
				CLANG_WARN_UNREACHABLE_CODE = YES;
				CLANG_WARN__DUPLICATE_METHOD_MATCH = YES;
				COPY_PHASE_STRIP = NO;
				DEBUG_INFORMATION_FORMAT = "dwarf-with-dsym";
				ENABLE_NS_ASSERTIONS = NO;
				ENABLE_STRICT_OBJC_MSGSEND = YES;
				GCC_C_LANGUAGE_STANDARD = gnu11;
				GCC_NO_COMMON_BLOCKS = YES;
				GCC_WARN_64_TO_32_BIT_CONVERSION = YES;
				GCC_WARN_ABOUT_RETURN_TYPE = YES_ERROR;
				GCC_WARN_UNDECLARED_SELECTOR = YES;
				GCC_WARN_UNINITIALIZED_AUTOS = YES_AGGRESSIVE;
				GCC_WARN_UNUSED_FUNCTION = YES;
				GCC_WARN_UNUSED_VARIABLE = YES;
				IPHONEOS_DEPLOYMENT_TARGET = 16.2;
				MTL_ENABLE_DEBUG_INFO = NO;
				MTL_FAST_MATH = YES;
				SDKROOT = iphoneos;
				SWIFT_COMPILATION_MODE = wholemodule;
				SWIFT_OPTIMIZATION_LEVEL = "-O";
				VALIDATE_PRODUCT = YES;
			};
			name = Release;
		};
		63328222295AB9C300265898 /* Debug */ = {
			isa = XCBuildConfiguration;
			buildSettings = {
				ASSETCATALOG_COMPILER_APPICON_NAME = AppIcon;
				ASSETCATALOG_COMPILER_GLOBAL_ACCENT_COLOR_NAME = AccentColor;
				CODE_SIGN_STYLE = Automatic;
				CURRENT_PROJECT_VERSION = 1;
				DEVELOPMENT_ASSET_PATHS = "\"Payment/Preview Content\"";
				DEVELOPMENT_TEAM = QJ9LBR5S7P;
				ENABLE_PREVIEWS = YES;
				GENERATE_INFOPLIST_FILE = YES;
				INFOPLIST_KEY_UIApplicationSceneManifest_Generation = YES;
				INFOPLIST_KEY_UIApplicationSupportsIndirectInputEvents = YES;
				INFOPLIST_KEY_UILaunchScreen_Generation = YES;
				INFOPLIST_KEY_UISupportedInterfaceOrientations_iPad = "UIInterfaceOrientationPortrait UIInterfaceOrientationPortraitUpsideDown UIInterfaceOrientationLandscapeLeft UIInterfaceOrientationLandscapeRight";
				INFOPLIST_KEY_UISupportedInterfaceOrientations_iPhone = "UIInterfaceOrientationPortrait UIInterfaceOrientationLandscapeLeft UIInterfaceOrientationLandscapeRight";
				IPHONEOS_DEPLOYMENT_TARGET = 16.1;
				LD_RUNPATH_SEARCH_PATHS = (
					"$(inherited)",
					"@executable_path/Frameworks",
				);
				MARKETING_VERSION = 1.0;
				PRODUCT_BUNDLE_IDENTIFIER = "com.big-project-taskforce.Payment";
				PRODUCT_NAME = "$(TARGET_NAME)";
				SWIFT_EMIT_LOC_STRINGS = YES;
				SWIFT_VERSION = 5.0;
				TARGETED_DEVICE_FAMILY = "1,2";
			};
			name = Debug;
		};
		63328223295AB9C300265898 /* Release */ = {
			isa = XCBuildConfiguration;
			buildSettings = {
				ASSETCATALOG_COMPILER_APPICON_NAME = AppIcon;
				ASSETCATALOG_COMPILER_GLOBAL_ACCENT_COLOR_NAME = AccentColor;
				CODE_SIGN_STYLE = Automatic;
				CURRENT_PROJECT_VERSION = 1;
				DEVELOPMENT_ASSET_PATHS = "\"Payment/Preview Content\"";
				DEVELOPMENT_TEAM = QJ9LBR5S7P;
				ENABLE_PREVIEWS = YES;
				GENERATE_INFOPLIST_FILE = YES;
				INFOPLIST_KEY_UIApplicationSceneManifest_Generation = YES;
				INFOPLIST_KEY_UIApplicationSupportsIndirectInputEvents = YES;
				INFOPLIST_KEY_UILaunchScreen_Generation = YES;
				INFOPLIST_KEY_UISupportedInterfaceOrientations_iPad = "UIInterfaceOrientationPortrait UIInterfaceOrientationPortraitUpsideDown UIInterfaceOrientationLandscapeLeft UIInterfaceOrientationLandscapeRight";
				INFOPLIST_KEY_UISupportedInterfaceOrientations_iPhone = "UIInterfaceOrientationPortrait UIInterfaceOrientationLandscapeLeft UIInterfaceOrientationLandscapeRight";
				IPHONEOS_DEPLOYMENT_TARGET = 16.1;
				LD_RUNPATH_SEARCH_PATHS = (
					"$(inherited)",
					"@executable_path/Frameworks",
				);
				MARKETING_VERSION = 1.0;
				PRODUCT_BUNDLE_IDENTIFIER = "com.big-project-taskforce.Payment";
				PRODUCT_NAME = "$(TARGET_NAME)";
				SWIFT_EMIT_LOC_STRINGS = YES;
				SWIFT_VERSION = 5.0;
				TARGETED_DEVICE_FAMILY = "1,2";
			};
			name = Release;
		};
/* End XCBuildConfiguration section */

/* Begin XCConfigurationList section */
		6332820E295AB9C200265898 /* Build configuration list for PBXProject "Payment" */ = {
			isa = XCConfigurationList;
			buildConfigurations = (
				6332821F295AB9C300265898 /* Debug */,
				63328220295AB9C300265898 /* Release */,
			);
			defaultConfigurationIsVisible = 0;
			defaultConfigurationName = Release;
		};
		63328221295AB9C300265898 /* Build configuration list for PBXNativeTarget "Payment" */ = {
			isa = XCConfigurationList;
			buildConfigurations = (
				63328222295AB9C300265898 /* Debug */,
				63328223295AB9C300265898 /* Release */,
			);
			defaultConfigurationIsVisible = 0;
			defaultConfigurationName = Release;
		};
/* End XCConfigurationList section */
	};
	rootObject = 6332820B295AB9C200265898 /* Project object */;
}
